
Microsoft Visual Studio Solution File, Format Version 12.00
# Visual Studio Version 17
VisualStudioVersion = 17.5.33516.290
MinimumVisualStudioVersion = 10.0.40219.1
Project("{FAE04EC0-301F-11D3-BF4B-00C04F79EFBC}") = "DemoJWT", "DemoJWT\DemoJWT.csproj", "{832C94EF-FA35-419E-BFC6-109B1E5F04DD}"
EndProject
Global
	GlobalSection(SolutionConfigurationPlatforms) = preSolution
		Debug|Any CPU = Debug|Any CPU
		Release|Any CPU = Release|Any CPU
	EndGlobalSection
	GlobalSection(ProjectConfigurationPlatforms) = postSolution
		{832C94EF-FA35-419E-BFC6-109B1E5F04DD}.Debug|Any CPU.ActiveCfg = Debug|Any CPU
		{832C94EF-FA35-419E-BFC6-109B1E5F04DD}.Debug|Any CPU.Build.0 = Debug|Any CPU
		{832C94EF-FA35-419E-BFC6-109B1E5F04DD}.Release|Any CPU.ActiveCfg = Release|Any CPU
		{832C94EF-FA35-419E-BFC6-109B1E5F04DD}.Release|Any CPU.Build.0 = Release|Any CPU
	EndGlobalSection
	GlobalSection(SolutionProperties) = preSolution
		HideSolutionNode = FALSE
	EndGlobalSection
	GlobalSection(ExtensibilityGlobals) = postSolution
		SolutionGuid = {B71E48BE-A23E-42F3-BA24-0F26EED2A0DD}
	EndGlobalSection
EndGlobal
